
Microsoft Visual Studio Solution File, Format Version 12.00
# Visual Studio Version 16
VisualStudioVersion = 16.0.31321.278
MinimumVisualStudioVersion = 10.0.40219.1
Project("{FAE04EC0-301F-11D3-BF4B-00C04F79EFBC}") = "lab6", "lab6.csproj", "{EC17B95A-0E9E-434D-B638-928FB2AEFB33}"
EndProject
Global
	GlobalSection(SolutionConfigurationPlatforms) = preSolution
		Debug|Any CPU = Debug|Any CPU
		Release|Any CPU = Release|Any CPU
	EndGlobalSection
	GlobalSection(ProjectConfigurationPlatforms) = postSolution
		{EC17B95A-0E9E-434D-B638-928FB2AEFB33}.Debug|Any CPU.ActiveCfg = Debug|Any CPU
		{EC17B95A-0E9E-434D-B638-928FB2AEFB33}.Debug|Any CPU.Build.0 = Debug|Any CPU
		{EC17B95A-0E9E-434D-B638-928FB2AEFB33}.Release|Any CPU.ActiveCfg = Release|Any CPU
		{EC17B95A-0E9E-434D-B638-928FB2AEFB33}.Release|Any CPU.Build.0 = Release|Any CPU
	EndGlobalSection
	GlobalSection(SolutionProperties) = preSolution
		HideSolutionNode = FALSE
	EndGlobalSection
	GlobalSection(ExtensibilityGlobals) = postSolution
		SolutionGuid = {F5675DC1-9D98-4188-8135-2B003B44285C}
	EndGlobalSection
EndGlobal
