
Microsoft Visual Studio Solution File, Format Version 12.00
# Visual Studio Version 16
VisualStudioVersion = 16.0.32228.343
MinimumVisualStudioVersion = 10.0.40219.1
Project("{FAE04EC0-301F-11D3-BF4B-00C04F79EFBC}") = "kidstrWebApi", "kidstrWebApi.csproj", "{F4890F7B-6713-4D30-B116-9B271E8849AF}"
EndProject
Global
	GlobalSection(SolutionConfigurationPlatforms) = preSolution
		Debug|Any CPU = Debug|Any CPU
		Release|Any CPU = Release|Any CPU
	EndGlobalSection
	GlobalSection(ProjectConfigurationPlatforms) = postSolution
		{F4890F7B-6713-4D30-B116-9B271E8849AF}.Debug|Any CPU.ActiveCfg = Debug|Any CPU
		{F4890F7B-6713-4D30-B116-9B271E8849AF}.Debug|Any CPU.Build.0 = Debug|Any CPU
		{F4890F7B-6713-4D30-B116-9B271E8849AF}.Release|Any CPU.ActiveCfg = Release|Any CPU
		{F4890F7B-6713-4D30-B116-9B271E8849AF}.Release|Any CPU.Build.0 = Release|Any CPU
	EndGlobalSection
	GlobalSection(SolutionProperties) = preSolution
		HideSolutionNode = FALSE
	EndGlobalSection
	GlobalSection(ExtensibilityGlobals) = postSolution
		SolutionGuid = {A861E037-55B8-4D65-BE6B-65A000B12AF3}
	EndGlobalSection
EndGlobal
