
Microsoft Visual Studio Solution File, Format Version 12.00
# Visual Studio Version 16
VisualStudioVersion = 16.0.32228.343
MinimumVisualStudioVersion = 10.0.40219.1
Project("{FAE04EC0-301F-11D3-BF4B-00C04F79EFBC}") = "kidstrUser", "kidstrUser.csproj", "{3BE7BB6E-9686-47B3-A91F-CD8EE075FE4A}"
EndProject
Project("{54435603-DBB4-11D2-8724-00A0C9A8B90C}") = "KidStrSetup", "..\KidStrSetup\KidStrSetup.vdproj", "{9274A95B-24FF-442A-89B7-CB5A28BB5F7A}"
EndProject
Global
	GlobalSection(SolutionConfigurationPlatforms) = preSolution
		Debug|Any CPU = Debug|Any CPU
		Release|Any CPU = Release|Any CPU
	EndGlobalSection
	GlobalSection(ProjectConfigurationPlatforms) = postSolution
		{3BE7BB6E-9686-47B3-A91F-CD8EE075FE4A}.Debug|Any CPU.ActiveCfg = Debug|Any CPU
		{3BE7BB6E-9686-47B3-A91F-CD8EE075FE4A}.Debug|Any CPU.Build.0 = Debug|Any CPU
		{3BE7BB6E-9686-47B3-A91F-CD8EE075FE4A}.Release|Any CPU.ActiveCfg = Release|Any CPU
		{3BE7BB6E-9686-47B3-A91F-CD8EE075FE4A}.Release|Any CPU.Build.0 = Release|Any CPU
		{9274A95B-24FF-442A-89B7-CB5A28BB5F7A}.Debug|Any CPU.ActiveCfg = Debug
		{9274A95B-24FF-442A-89B7-CB5A28BB5F7A}.Release|Any CPU.ActiveCfg = Release
	EndGlobalSection
	GlobalSection(SolutionProperties) = preSolution
		HideSolutionNode = FALSE
	EndGlobalSection
	GlobalSection(ExtensibilityGlobals) = postSolution
		SolutionGuid = {6C79CFCB-6297-4413-92C4-325EBAF591A6}
	EndGlobalSection
EndGlobal
